{
  "name": "class-validator-translate",
  "version": "1.0.0",
  "lockfileVersion": 2,
  "requires": true,
  "packages": {
    "": {
      "name": "class-validator-translate",
      "version": "1.0.0",
      "license": "MIT",
      "devDependencies": {
        "@types/node": "^18.13.0",
        "class-validator": "^0.14.0"
      },
      "peerDependencies": {
        "class-validator": "^0.14.0"
      }
    },
    "node_modules/@types/node": {
      "version": "18.13.0",
      "resolved": "https://registry.npmjs.org/@types/node/-/node-18.13.0.tgz",
      "integrity": "sha512-gC3TazRzGoOnoKAhUx+Q0t8S9Tzs74z7m0ipwGpSqQrleP14hKxP4/JUeEQcD3W1/aIpnWl8pHowI7WokuZpXg==",
      "dev": true
    },
    "node_modules/@types/validator": {
      "version": "13.7.12",
      "resolved": "https://registry.npmjs.org/@types/validator/-/validator-13.7.12.tgz",
      "integrity": "sha512-YVtyAPqpefU+Mm/qqnOANW6IkqKpCSrarcyV269C8MA8Ux0dbkEuQwM/4CjL47kVEM2LgBef/ETfkH+c6+moFA==",
      "dev": true
    },
    "node_modules/class-validator": {
      "version": "0.14.0",
      "resolved": "https://registry.npmjs.org/class-validator/-/class-validator-0.14.0.tgz",
      "integrity": "sha512-ct3ltplN8I9fOwUd8GrP8UQixwff129BkEtuWDKL5W45cQuLd19xqmTLu5ge78YDm/fdje6FMt0hGOhl0lii3A==",
      "dev": true,
      "dependencies": {
        "@types/validator": "^13.7.10",
        "libphonenumber-js": "^1.10.14",
        "validator": "^13.7.0"
      }
    },
    "node_modules/libphonenumber-js": {
      "version": "1.10.19",
      "resolved": "https://registry.npmjs.org/libphonenumber-js/-/libphonenumber-js-1.10.19.tgz",
      "integrity": "sha512-MDZ1zLIkfSDZV5xBta3nuvbEOlsnKCPe4z5r3hyup/AXveevkl9A1eSWmLhd2FX4k7pJDe4MrLeQsux0HI/VWg==",
      "dev": true
    },
    "node_modules/validator": {
      "version": "13.9.0",
      "resolved": "https://registry.npmjs.org/validator/-/validator-13.9.0.tgz",
      "integrity": "sha512-B+dGG8U3fdtM0/aNK4/X8CXq/EcxU2WPrPEkJGslb47qyHsxmbggTWK0yEA4qnYVNF+nxNlN88o14hIcPmSIEA==",
      "dev": true,
      "engines": {
        "node": ">= 0.10"
      }
    }
  },
  "dependencies": {
    "@types/node": {
      "version": "18.13.0",
      "resolved": "https://registry.npmjs.org/@types/node/-/node-18.13.0.tgz",
      "integrity": "sha512-gC3TazRzGoOnoKAhUx+Q0t8S9Tzs74z7m0ipwGpSqQrleP14hKxP4/JUeEQcD3W1/aIpnWl8pHowI7WokuZpXg==",
      "dev": true
    },
    "@types/validator": {
      "version": "13.7.12",
      "resolved": "https://registry.npmjs.org/@types/validator/-/validator-13.7.12.tgz",
      "integrity": "sha512-YVtyAPqpefU+Mm/qqnOANW6IkqKpCSrarcyV269C8MA8Ux0dbkEuQwM/4CjL47kVEM2LgBef/ETfkH+c6+moFA==",
      "dev": true
    },
    "class-validator": {
      "version": "0.14.0",
      "resolved": "https://registry.npmjs.org/class-validator/-/class-validator-0.14.0.tgz",
      "integrity": "sha512-ct3ltplN8I9fOwUd8GrP8UQixwff129BkEtuWDKL5W45cQuLd19xqmTLu5ge78YDm/fdje6FMt0hGOhl0lii3A==",
      "dev": true,
      "requires": {
        "@types/validator": "^13.7.10",
        "libphonenumber-js": "^1.10.14",
        "validator": "^13.7.0"
      }
    },
    "libphonenumber-js": {
      "version": "1.10.19",
      "resolved": "https://registry.npmjs.org/libphonenumber-js/-/libphonenumber-js-1.10.19.tgz",
      "integrity": "sha512-MDZ1zLIkfSDZV5xBta3nuvbEOlsnKCPe4z5r3hyup/AXveevkl9A1eSWmLhd2FX4k7pJDe4MrLeQsux0HI/VWg==",
      "dev": true
    },
    "validator": {
      "version": "13.9.0",
      "resolved": "https://registry.npmjs.org/validator/-/validator-13.9.0.tgz",
      "integrity": "sha512-B+dGG8U3fdtM0/aNK4/X8CXq/EcxU2WPrPEkJGslb47qyHsxmbggTWK0yEA4qnYVNF+nxNlN88o14hIcPmSIEA==",
      "dev": true
    }
  }
}
